
Microsoft Visual Studio Solution File, Format Version 12.00
# Visual Studio Version 16
VisualStudioVersion = 16.0.34407.143
MinimumVisualStudioVersion = 10.0.40219.1
Project("{8BC9CEB8-8B4A-11D0-8D11-00A0C91BC942}") = "20240408_start", "Project1\Project1.vcxproj", "{890CCF6E-DD87-461E-955E-AD9D5FDC3E90}"
EndProject
Project("{8BC9CEB8-8B4A-11D0-8D11-00A0C91BC942}") = "202404081029_variable", "202404081029_variable\202404081029_variable.vcxproj", "{7B4A0364-EBF3-45A7-8CCE-EEDF5151C236}"
EndProject
Project("{8BC9CEB8-8B4A-11D0-8D11-00A0C91BC942}") = "202404090931", "202404090931\202404090931.vcxproj", "{9F5E4EA7-89EB-418D-9FC2-810235120680}"
EndProject
Project("{8BC9CEB8-8B4A-11D0-8D11-00A0C91BC942}") = "202404090937", "202404090937\202404090937.vcxproj", "{8584535B-680F-4BB4-A9AC-6A83016CC188}"
EndProject
Project("{8BC9CEB8-8B4A-11D0-8D11-00A0C91BC942}") = "202404090947", "202404090947\202404090947.vcxproj", "{46678087-EAAD-46EF-8AE3-499D49B98196}"
EndProject
Project("{8BC9CEB8-8B4A-11D0-8D11-00A0C91BC942}") = "202404091007", "202404091007\202404091007.vcxproj", "{E9B7CCBA-E454-467F-BDDE-1484111CB96D}"
EndProject
Project("{8BC9CEB8-8B4A-11D0-8D11-00A0C91BC942}") = "202404091025", "202404091025\202404091025.vcxproj", "{4A058A7F-92D2-4950-8B0C-CFA667DA8551}"
EndProject
Project("{8BC9CEB8-8B4A-11D0-8D11-00A0C91BC942}") = "202404091042", "202404091042\202404091042.vcxproj", "{6A2729CC-D25D-4327-8F8C-7E3F8CA4B2A1}"
EndProject
Project("{8BC9CEB8-8B4A-11D0-8D11-00A0C91BC942}") = "202404091103", "202404091103\202404091103.vcxproj", "{937FC111-004C-4BC6-BBFF-5604379C2945}"
EndProject
Project("{8BC9CEB8-8B4A-11D0-8D11-00A0C91BC942}") = "202404120855", "202404120855\202404120855.vcxproj", "{B0708EE8-0BB9-4B66-84AF-B8AC143F434F}"
EndProject
Project("{8BC9CEB8-8B4A-11D0-8D11-00A0C91BC942}") = "202404120909", "202404120909\202404120909.vcxproj", "{A35FBB68-B35B-45B7-9B64-F247EAE72A40}"
EndProject
Project("{8BC9CEB8-8B4A-11D0-8D11-00A0C91BC942}") = "202404120920", "202404120920\202404120920.vcxproj", "{D54236CE-6961-45E1-88EF-7E398D67C9A1}"
EndProject
Project("{8BC9CEB8-8B4A-11D0-8D11-00A0C91BC942}") = "202404120947", "202404120947\202404120947.vcxproj", "{1E49C577-E913-48F7-977C-C7C6F93FC5AB}"
EndProject
Project("{8BC9CEB8-8B4A-11D0-8D11-00A0C91BC942}") = "202404121005", "202404121005\202404121005.vcxproj", "{079C31E9-6F1C-401C-97F8-152271681942}"
EndProject
Project("{8BC9CEB8-8B4A-11D0-8D11-00A0C91BC942}") = "202404121016", "202404121016\202404121016.vcxproj", "{BA140EAE-D68D-40E1-991C-966600E930E2}"
EndProject
Project("{8BC9CEB8-8B4A-11D0-8D11-00A0C91BC942}") = "202404121029", "202404121029\202404121029.vcxproj", "{457AFD03-570C-4C28-B665-49253034982F}"
EndProject
Project("{8BC9CEB8-8B4A-11D0-8D11-00A0C91BC942}") = "202404121106", "202404121106\202404121106.vcxproj", "{108F502C-679C-42A5-B727-85FEB226FE67}"
EndProject
Project("{8BC9CEB8-8B4A-11D0-8D11-00A0C91BC942}") = "202404170852", "202404170852\202404170852.vcxproj", "{E7337737-5EF9-440F-91F9-1A3F67833A70}"
EndProject
Project("{8BC9CEB8-8B4A-11D0-8D11-00A0C91BC942}") = "202404171014", "202404171014\202404171014.vcxproj", "{0A116AC8-433B-4D82-9B28-E8A01244CBC0}"
EndProject
Project("{8BC9CEB8-8B4A-11D0-8D11-00A0C91BC942}") = "202404171047", "202404171047\202404171047.vcxproj", "{DFB0FE15-0D6E-4247-853D-B217F4DE8CCC}"
EndProject
Project("{8BC9CEB8-8B4A-11D0-8D11-00A0C91BC942}") = "202404180900", "202404180900\202404180900.vcxproj", "{2AC204F4-7B46-4060-97AF-32AA8655C45E}"
EndProject
Project("{8BC9CEB8-8B4A-11D0-8D11-00A0C91BC942}") = "202404180930_pointer", "202404180930\202404180930.vcxproj", "{B45FA0FC-629E-4D30-A823-3E246C1EB21F}"
EndProject
Project("{8BC9CEB8-8B4A-11D0-8D11-00A0C91BC942}") = "202404181021_pointer", "202404181021\202404181021.vcxproj", "{D28E1751-735E-4043-BE71-66C7848C5AA3}"
EndProject
Project("{8BC9CEB8-8B4A-11D0-8D11-00A0C91BC942}") = "202404181114", "202404181114\202404181114.vcxproj", "{8487168A-2150-4687-A022-A7D1E0F4ED7C}"
EndProject
Project("{8BC9CEB8-8B4A-11D0-8D11-00A0C91BC942}") = "202404220939", "202404220858\202404220858.vcxproj", "{54E59073-8F84-4182-8899-5982EC8E3DD0}"
EndProject
Project("{8BC9CEB8-8B4A-11D0-8D11-00A0C91BC942}") = "202404220854", "202404220854\202404220854.vcxproj", "{5DE2F64C-099B-46B3-935D-8CBB5A5ED519}"
EndProject
Project("{8BC9CEB8-8B4A-11D0-8D11-00A0C91BC942}") = "202404221009", "202404221009\202404221009.vcxproj", "{93D0EEB6-FDDD-4E44-A9CD-B99B10D333D2}"
EndProject
Project("{8BC9CEB8-8B4A-11D0-8D11-00A0C91BC942}") = "202404221022", "202404221022\202404221022.vcxproj", "{CDAF8463-523A-44DC-899A-8A1B9238FE27}"
EndProject
Project("{8BC9CEB8-8B4A-11D0-8D11-00A0C91BC942}") = "202404221109", "202404221109\202404221109.vcxproj", "{021CE9D0-4216-41F1-91F2-F8B6195A8974}"
EndProject
Project("{8BC9CEB8-8B4A-11D0-8D11-00A0C91BC942}") = "202404230911", "202404230911\202404230911.vcxproj", "{D0D23694-5187-4D46-A92B-DE44731105E0}"
EndProject
Project("{8BC9CEB8-8B4A-11D0-8D11-00A0C91BC942}") = "202404230952", "202404230952\202404230952.vcxproj", "{1073CE8F-784C-47FD-ACD5-F0D1DE6E7DC8}"
EndProject
Project("{8BC9CEB8-8B4A-11D0-8D11-00A0C91BC942}") = "202404231023", "202404231023\202404231023.vcxproj", "{E6AD144C-3014-46B6-87FE-5A3D119D5DA4}"
EndProject
Project("{8BC9CEB8-8B4A-11D0-8D11-00A0C91BC942}") = "202404231106", "202404231106\202404231106.vcxproj", "{90262181-75B6-4AF0-B17B-023F7892E27E}"
EndProject
Project("{8BC9CEB8-8B4A-11D0-8D11-00A0C91BC942}") = "202404251105", "202404251105\202404251105.vcxproj", "{BE0C3FC7-66E0-41C9-95EA-AACDDBD5D415}"
EndProject
Project("{8BC9CEB8-8B4A-11D0-8D11-00A0C91BC942}") = "202404260911", "202404260911\202404260911.vcxproj", "{7DDCCCAD-985C-4B04-89F9-CEDA67473BD7}"
EndProject
Project("{8BC9CEB8-8B4A-11D0-8D11-00A0C91BC942}") = "202404260957", "202404260957\202404260957.vcxproj", "{9B7DB83F-7636-48F6-9AC1-D678FC21859C}"
EndProject
Project("{8BC9CEB8-8B4A-11D0-8D11-00A0C91BC942}") = "202404261044", "202404261044\202404261044.vcxproj", "{F5C14FE9-3BAB-4ECA-BED2-AE537D31F405}"
EndProject
Project("{8BC9CEB8-8B4A-11D0-8D11-00A0C91BC942}") = "202404261101", "202404261101\202404261101.vcxproj", "{64F10448-4B5C-435A-A62E-A7FEE33DDD16}"
EndProject
Project("{8BC9CEB8-8B4A-11D0-8D11-00A0C91BC942}") = "202404291102", "202404291102\202404291102.vcxproj", "{BF135A89-85B3-4238-A9FE-75E8DC722925}"
EndProject
Project("{8BC9CEB8-8B4A-11D0-8D11-00A0C91BC942}") = "202404300910", "202404300910\202404300910.vcxproj", "{7C4C4D96-23B7-4BA4-9E64-46DCCBD56BC4}"
EndProject
Project("{8BC9CEB8-8B4A-11D0-8D11-00A0C91BC942}") = "202404291030", "202404291030\202404291030.vcxproj", "{B916B9C7-283D-4FC8-8545-D01C3DAFC7B0}"
EndProject
Project("{8BC9CEB8-8B4A-11D0-8D11-00A0C91BC942}") = "202405010920", "202405010920\202405010920.vcxproj", "{2DFBE35D-4603-4C39-A381-EE0F356117BD}"
EndProject
Project("{8BC9CEB8-8B4A-11D0-8D11-00A0C91BC942}") = "202405011015", "202405011015\202405011015.vcxproj", "{6CD7E0F1-6198-4BA9-8CCD-B16A7120E440}"
EndProject
Project("{8BC9CEB8-8B4A-11D0-8D11-00A0C91BC942}") = "202405011045", "202405011045\202405011045.vcxproj", "{D1C8FF16-026B-4558-97A8-60186DD1DBD3}"
EndProject
Project("{8BC9CEB8-8B4A-11D0-8D11-00A0C91BC942}") = "202405011105", "202405011105\202405011105.vcxproj", "{3F64AC43-FBB1-411F-B8C1-40B3B8CC8073}"
EndProject
Global
	GlobalSection(SolutionConfigurationPlatforms) = preSolution
		Debug|x64 = Debug|x64
		Debug|x86 = Debug|x86
		Release|x64 = Release|x64
		Release|x86 = Release|x86
	EndGlobalSection
	GlobalSection(ProjectConfigurationPlatforms) = postSolution
		{890CCF6E-DD87-461E-955E-AD9D5FDC3E90}.Debug|x64.ActiveCfg = Debug|x64
		{890CCF6E-DD87-461E-955E-AD9D5FDC3E90}.Debug|x64.Build.0 = Debug|x64
		{890CCF6E-DD87-461E-955E-AD9D5FDC3E90}.Debug|x86.ActiveCfg = Debug|Win32
		{890CCF6E-DD87-461E-955E-AD9D5FDC3E90}.Debug|x86.Build.0 = Debug|Win32
		{890CCF6E-DD87-461E-955E-AD9D5FDC3E90}.Release|x64.ActiveCfg = Release|x64
		{890CCF6E-DD87-461E-955E-AD9D5FDC3E90}.Release|x64.Build.0 = Release|x64
		{890CCF6E-DD87-461E-955E-AD9D5FDC3E90}.Release|x86.ActiveCfg = Release|Win32
		{890CCF6E-DD87-461E-955E-AD9D5FDC3E90}.Release|x86.Build.0 = Release|Win32
		{7B4A0364-EBF3-45A7-8CCE-EEDF5151C236}.Debug|x64.ActiveCfg = Debug|x64
		{7B4A0364-EBF3-45A7-8CCE-EEDF5151C236}.Debug|x64.Build.0 = Debug|x64
		{7B4A0364-EBF3-45A7-8CCE-EEDF5151C236}.Debug|x86.ActiveCfg = Debug|Win32
		{7B4A0364-EBF3-45A7-8CCE-EEDF5151C236}.Debug|x86.Build.0 = Debug|Win32
		{7B4A0364-EBF3-45A7-8CCE-EEDF5151C236}.Release|x64.ActiveCfg = Release|x64
		{7B4A0364-EBF3-45A7-8CCE-EEDF5151C236}.Release|x64.Build.0 = Release|x64
		{7B4A0364-EBF3-45A7-8CCE-EEDF5151C236}.Release|x86.ActiveCfg = Release|Win32
		{7B4A0364-EBF3-45A7-8CCE-EEDF5151C236}.Release|x86.Build.0 = Release|Win32
		{9F5E4EA7-89EB-418D-9FC2-810235120680}.Debug|x64.ActiveCfg = Debug|x64
		{9F5E4EA7-89EB-418D-9FC2-810235120680}.Debug|x64.Build.0 = Debug|x64
		{9F5E4EA7-89EB-418D-9FC2-810235120680}.Debug|x86.ActiveCfg = Debug|Win32
		{9F5E4EA7-89EB-418D-9FC2-810235120680}.Debug|x86.Build.0 = Debug|Win32
		{9F5E4EA7-89EB-418D-9FC2-810235120680}.Release|x64.ActiveCfg = Release|x64
		{9F5E4EA7-89EB-418D-9FC2-810235120680}.Release|x64.Build.0 = Release|x64
		{9F5E4EA7-89EB-418D-9FC2-810235120680}.Release|x86.ActiveCfg = Release|Win32
		{9F5E4EA7-89EB-418D-9FC2-810235120680}.Release|x86.Build.0 = Release|Win32
		{8584535B-680F-4BB4-A9AC-6A83016CC188}.Debug|x64.ActiveCfg = Debug|x64
		{8584535B-680F-4BB4-A9AC-6A83016CC188}.Debug|x64.Build.0 = Debug|x64
		{8584535B-680F-4BB4-A9AC-6A83016CC188}.Debug|x86.ActiveCfg = Debug|Win32
		{8584535B-680F-4BB4-A9AC-6A83016CC188}.Debug|x86.Build.0 = Debug|Win32
		{8584535B-680F-4BB4-A9AC-6A83016CC188}.Release|x64.ActiveCfg = Release|x64
		{8584535B-680F-4BB4-A9AC-6A83016CC188}.Release|x64.Build.0 = Release|x64
		{8584535B-680F-4BB4-A9AC-6A83016CC188}.Release|x86.ActiveCfg = Release|Win32
		{8584535B-680F-4BB4-A9AC-6A83016CC188}.Release|x86.Build.0 = Release|Win32
		{46678087-EAAD-46EF-8AE3-499D49B98196}.Debug|x64.ActiveCfg = Debug|x64
		{46678087-EAAD-46EF-8AE3-499D49B98196}.Debug|x64.Build.0 = Debug|x64
		{46678087-EAAD-46EF-8AE3-499D49B98196}.Debug|x86.ActiveCfg = Debug|Win32
		{46678087-EAAD-46EF-8AE3-499D49B98196}.Debug|x86.Build.0 = Debug|Win32
		{46678087-EAAD-46EF-8AE3-499D49B98196}.Release|x64.ActiveCfg = Release|x64
		{46678087-EAAD-46EF-8AE3-499D49B98196}.Release|x64.Build.0 = Release|x64
		{46678087-EAAD-46EF-8AE3-499D49B98196}.Release|x86.ActiveCfg = Release|Win32
		{46678087-EAAD-46EF-8AE3-499D49B98196}.Release|x86.Build.0 = Release|Win32
		{E9B7CCBA-E454-467F-BDDE-1484111CB96D}.Debug|x64.ActiveCfg = Debug|x64
		{E9B7CCBA-E454-467F-BDDE-1484111CB96D}.Debug|x64.Build.0 = Debug|x64
		{E9B7CCBA-E454-467F-BDDE-1484111CB96D}.Debug|x86.ActiveCfg = Debug|Win32
		{E9B7CCBA-E454-467F-BDDE-1484111CB96D}.Debug|x86.Build.0 = Debug|Win32
		{E9B7CCBA-E454-467F-BDDE-1484111CB96D}.Release|x64.ActiveCfg = Release|x64
		{E9B7CCBA-E454-467F-BDDE-1484111CB96D}.Release|x64.Build.0 = Release|x64
		{E9B7CCBA-E454-467F-BDDE-1484111CB96D}.Release|x86.ActiveCfg = Release|Win32
		{E9B7CCBA-E454-467F-BDDE-1484111CB96D}.Release|x86.Build.0 = Release|Win32
		{4A058A7F-92D2-4950-8B0C-CFA667DA8551}.Debug|x64.ActiveCfg = Debug|x64
		{4A058A7F-92D2-4950-8B0C-CFA667DA8551}.Debug|x64.Build.0 = Debug|x64
		{4A058A7F-92D2-4950-8B0C-CFA667DA8551}.Debug|x86.ActiveCfg = Debug|Win32
		{4A058A7F-92D2-4950-8B0C-CFA667DA8551}.Debug|x86.Build.0 = Debug|Win32
		{4A058A7F-92D2-4950-8B0C-CFA667DA8551}.Release|x64.ActiveCfg = Release|x64
		{4A058A7F-92D2-4950-8B0C-CFA667DA8551}.Release|x64.Build.0 = Release|x64
		{4A058A7F-92D2-4950-8B0C-CFA667DA8551}.Release|x86.ActiveCfg = Release|Win32
		{4A058A7F-92D2-4950-8B0C-CFA667DA8551}.Release|x86.Build.0 = Release|Win32
		{6A2729CC-D25D-4327-8F8C-7E3F8CA4B2A1}.Debug|x64.ActiveCfg = Debug|x64
		{6A2729CC-D25D-4327-8F8C-7E3F8CA4B2A1}.Debug|x64.Build.0 = Debug|x64
		{6A2729CC-D25D-4327-8F8C-7E3F8CA4B2A1}.Debug|x86.ActiveCfg = Debug|Win32
		{6A2729CC-D25D-4327-8F8C-7E3F8CA4B2A1}.Debug|x86.Build.0 = Debug|Win32
		{6A2729CC-D25D-4327-8F8C-7E3F8CA4B2A1}.Release|x64.ActiveCfg = Release|x64
		{6A2729CC-D25D-4327-8F8C-7E3F8CA4B2A1}.Release|x64.Build.0 = Release|x64
		{6A2729CC-D25D-4327-8F8C-7E3F8CA4B2A1}.Release|x86.ActiveCfg = Release|Win32
		{6A2729CC-D25D-4327-8F8C-7E3F8CA4B2A1}.Release|x86.Build.0 = Release|Win32
		{937FC111-004C-4BC6-BBFF-5604379C2945}.Debug|x64.ActiveCfg = Debug|x64
		{937FC111-004C-4BC6-BBFF-5604379C2945}.Debug|x64.Build.0 = Debug|x64
		{937FC111-004C-4BC6-BBFF-5604379C2945}.Debug|x86.ActiveCfg = Debug|Win32
		{937FC111-004C-4BC6-BBFF-5604379C2945}.Debug|x86.Build.0 = Debug|Win32
		{937FC111-004C-4BC6-BBFF-5604379C2945}.Release|x64.ActiveCfg = Release|x64
		{937FC111-004C-4BC6-BBFF-5604379C2945}.Release|x64.Build.0 = Release|x64
		{937FC111-004C-4BC6-BBFF-5604379C2945}.Release|x86.ActiveCfg = Release|Win32
		{937FC111-004C-4BC6-BBFF-5604379C2945}.Release|x86.Build.0 = Release|Win32
		{B0708EE8-0BB9-4B66-84AF-B8AC143F434F}.Debug|x64.ActiveCfg = Debug|x64
		{B0708EE8-0BB9-4B66-84AF-B8AC143F434F}.Debug|x64.Build.0 = Debug|x64
		{B0708EE8-0BB9-4B66-84AF-B8AC143F434F}.Debug|x86.ActiveCfg = Debug|Win32
		{B0708EE8-0BB9-4B66-84AF-B8AC143F434F}.Debug|x86.Build.0 = Debug|Win32
		{B0708EE8-0BB9-4B66-84AF-B8AC143F434F}.Release|x64.ActiveCfg = Release|x64
		{B0708EE8-0BB9-4B66-84AF-B8AC143F434F}.Release|x64.Build.0 = Release|x64
		{B0708EE8-0BB9-4B66-84AF-B8AC143F434F}.Release|x86.ActiveCfg = Release|Win32
		{B0708EE8-0BB9-4B66-84AF-B8AC143F434F}.Release|x86.Build.0 = Release|Win32
		{A35FBB68-B35B-45B7-9B64-F247EAE72A40}.Debug|x64.ActiveCfg = Debug|x64
		{A35FBB68-B35B-45B7-9B64-F247EAE72A40}.Debug|x64.Build.0 = Debug|x64
		{A35FBB68-B35B-45B7-9B64-F247EAE72A40}.Debug|x86.ActiveCfg = Debug|Win32
		{A35FBB68-B35B-45B7-9B64-F247EAE72A40}.Debug|x86.Build.0 = Debug|Win32
		{A35FBB68-B35B-45B7-9B64-F247EAE72A40}.Release|x64.ActiveCfg = Release|x64
		{A35FBB68-B35B-45B7-9B64-F247EAE72A40}.Release|x64.Build.0 = Release|x64
		{A35FBB68-B35B-45B7-9B64-F247EAE72A40}.Release|x86.ActiveCfg = Release|Win32
		{A35FBB68-B35B-45B7-9B64-F247EAE72A40}.Release|x86.Build.0 = Release|Win32
		{D54236CE-6961-45E1-88EF-7E398D67C9A1}.Debug|x64.ActiveCfg = Debug|x64
		{D54236CE-6961-45E1-88EF-7E398D67C9A1}.Debug|x64.Build.0 = Debug|x64
		{D54236CE-6961-45E1-88EF-7E398D67C9A1}.Debug|x86.ActiveCfg = Debug|Win32
		{D54236CE-6961-45E1-88EF-7E398D67C9A1}.Debug|x86.Build.0 = Debug|Win32
		{D54236CE-6961-45E1-88EF-7E398D67C9A1}.Release|x64.ActiveCfg = Release|x64
		{D54236CE-6961-45E1-88EF-7E398D67C9A1}.Release|x64.Build.0 = Release|x64
		{D54236CE-6961-45E1-88EF-7E398D67C9A1}.Release|x86.ActiveCfg = Release|Win32
		{D54236CE-6961-45E1-88EF-7E398D67C9A1}.Release|x86.Build.0 = Release|Win32
		{1E49C577-E913-48F7-977C-C7C6F93FC5AB}.Debug|x64.ActiveCfg = Debug|x64
		{1E49C577-E913-48F7-977C-C7C6F93FC5AB}.Debug|x64.Build.0 = Debug|x64
		{1E49C577-E913-48F7-977C-C7C6F93FC5AB}.Debug|x86.ActiveCfg = Debug|Win32
		{1E49C577-E913-48F7-977C-C7C6F93FC5AB}.Debug|x86.Build.0 = Debug|Win32
		{1E49C577-E913-48F7-977C-C7C6F93FC5AB}.Release|x64.ActiveCfg = Release|x64
		{1E49C577-E913-48F7-977C-C7C6F93FC5AB}.Release|x64.Build.0 = Release|x64
		{1E49C577-E913-48F7-977C-C7C6F93FC5AB}.Release|x86.ActiveCfg = Release|Win32
		{1E49C577-E913-48F7-977C-C7C6F93FC5AB}.Release|x86.Build.0 = Release|Win32
		{079C31E9-6F1C-401C-97F8-152271681942}.Debug|x64.ActiveCfg = Debug|x64
		{079C31E9-6F1C-401C-97F8-152271681942}.Debug|x64.Build.0 = Debug|x64
		{079C31E9-6F1C-401C-97F8-152271681942}.Debug|x86.ActiveCfg = Debug|Win32
		{079C31E9-6F1C-401C-97F8-152271681942}.Debug|x86.Build.0 = Debug|Win32
		{079C31E9-6F1C-401C-97F8-152271681942}.Release|x64.ActiveCfg = Release|x64
		{079C31E9-6F1C-401C-97F8-152271681942}.Release|x64.Build.0 = Release|x64
		{079C31E9-6F1C-401C-97F8-152271681942}.Release|x86.ActiveCfg = Release|Win32
		{079C31E9-6F1C-401C-97F8-152271681942}.Release|x86.Build.0 = Release|Win32
		{BA140EAE-D68D-40E1-991C-966600E930E2}.Debug|x64.ActiveCfg = Debug|x64
		{BA140EAE-D68D-40E1-991C-966600E930E2}.Debug|x64.Build.0 = Debug|x64
		{BA140EAE-D68D-40E1-991C-966600E930E2}.Debug|x86.ActiveCfg = Debug|Win32
		{BA140EAE-D68D-40E1-991C-966600E930E2}.Debug|x86.Build.0 = Debug|Win32
		{BA140EAE-D68D-40E1-991C-966600E930E2}.Release|x64.ActiveCfg = Release|x64
		{BA140EAE-D68D-40E1-991C-966600E930E2}.Release|x64.Build.0 = Release|x64
		{BA140EAE-D68D-40E1-991C-966600E930E2}.Release|x86.ActiveCfg = Release|Win32
		{BA140EAE-D68D-40E1-991C-966600E930E2}.Release|x86.Build.0 = Release|Win32
		{457AFD03-570C-4C28-B665-49253034982F}.Debug|x64.ActiveCfg = Debug|x64
		{457AFD03-570C-4C28-B665-49253034982F}.Debug|x64.Build.0 = Debug|x64
		{457AFD03-570C-4C28-B665-49253034982F}.Debug|x86.ActiveCfg = Debug|Win32
		{457AFD03-570C-4C28-B665-49253034982F}.Debug|x86.Build.0 = Debug|Win32
		{457AFD03-570C-4C28-B665-49253034982F}.Release|x64.ActiveCfg = Release|x64
		{457AFD03-570C-4C28-B665-49253034982F}.Release|x64.Build.0 = Release|x64
		{457AFD03-570C-4C28-B665-49253034982F}.Release|x86.ActiveCfg = Release|Win32
		{457AFD03-570C-4C28-B665-49253034982F}.Release|x86.Build.0 = Release|Win32
		{108F502C-679C-42A5-B727-85FEB226FE67}.Debug|x64.ActiveCfg = Debug|x64
		{108F502C-679C-42A5-B727-85FEB226FE67}.Debug|x64.Build.0 = Debug|x64
		{108F502C-679C-42A5-B727-85FEB226FE67}.Debug|x86.ActiveCfg = Debug|Win32
		{108F502C-679C-42A5-B727-85FEB226FE67}.Debug|x86.Build.0 = Debug|Win32
		{108F502C-679C-42A5-B727-85FEB226FE67}.Release|x64.ActiveCfg = Release|x64
		{108F502C-679C-42A5-B727-85FEB226FE67}.Release|x64.Build.0 = Release|x64
		{108F502C-679C-42A5-B727-85FEB226FE67}.Release|x86.ActiveCfg = Release|Win32
		{108F502C-679C-42A5-B727-85FEB226FE67}.Release|x86.Build.0 = Release|Win32
		{E7337737-5EF9-440F-91F9-1A3F67833A70}.Debug|x64.ActiveCfg = Debug|x64
		{E7337737-5EF9-440F-91F9-1A3F67833A70}.Debug|x64.Build.0 = Debug|x64
		{E7337737-5EF9-440F-91F9-1A3F67833A70}.Debug|x86.ActiveCfg = Debug|Win32
		{E7337737-5EF9-440F-91F9-1A3F67833A70}.Debug|x86.Build.0 = Debug|Win32
		{E7337737-5EF9-440F-91F9-1A3F67833A70}.Release|x64.ActiveCfg = Release|x64
		{E7337737-5EF9-440F-91F9-1A3F67833A70}.Release|x64.Build.0 = Release|x64
		{E7337737-5EF9-440F-91F9-1A3F67833A70}.Release|x86.ActiveCfg = Release|Win32
		{E7337737-5EF9-440F-91F9-1A3F67833A70}.Release|x86.Build.0 = Release|Win32
		{0A116AC8-433B-4D82-9B28-E8A01244CBC0}.Debug|x64.ActiveCfg = Debug|x64
		{0A116AC8-433B-4D82-9B28-E8A01244CBC0}.Debug|x64.Build.0 = Debug|x64
		{0A116AC8-433B-4D82-9B28-E8A01244CBC0}.Debug|x86.ActiveCfg = Debug|Win32
		{0A116AC8-433B-4D82-9B28-E8A01244CBC0}.Debug|x86.Build.0 = Debug|Win32
		{0A116AC8-433B-4D82-9B28-E8A01244CBC0}.Release|x64.ActiveCfg = Release|x64
		{0A116AC8-433B-4D82-9B28-E8A01244CBC0}.Release|x64.Build.0 = Release|x64
		{0A116AC8-433B-4D82-9B28-E8A01244CBC0}.Release|x86.ActiveCfg = Release|Win32
		{0A116AC8-433B-4D82-9B28-E8A01244CBC0}.Release|x86.Build.0 = Release|Win32
		{DFB0FE15-0D6E-4247-853D-B217F4DE8CCC}.Debug|x64.ActiveCfg = Debug|x64
		{DFB0FE15-0D6E-4247-853D-B217F4DE8CCC}.Debug|x64.Build.0 = Debug|x64
		{DFB0FE15-0D6E-4247-853D-B217F4DE8CCC}.Debug|x86.ActiveCfg = Debug|Win32
		{DFB0FE15-0D6E-4247-853D-B217F4DE8CCC}.Debug|x86.Build.0 = Debug|Win32
		{DFB0FE15-0D6E-4247-853D-B217F4DE8CCC}.Release|x64.ActiveCfg = Release|x64
		{DFB0FE15-0D6E-4247-853D-B217F4DE8CCC}.Release|x64.Build.0 = Release|x64
		{DFB0FE15-0D6E-4247-853D-B217F4DE8CCC}.Release|x86.ActiveCfg = Release|Win32
		{DFB0FE15-0D6E-4247-853D-B217F4DE8CCC}.Release|x86.Build.0 = Release|Win32
		{2AC204F4-7B46-4060-97AF-32AA8655C45E}.Debug|x64.ActiveCfg = Debug|x64
		{2AC204F4-7B46-4060-97AF-32AA8655C45E}.Debug|x64.Build.0 = Debug|x64
		{2AC204F4-7B46-4060-97AF-32AA8655C45E}.Debug|x86.ActiveCfg = Debug|Win32
		{2AC204F4-7B46-4060-97AF-32AA8655C45E}.Debug|x86.Build.0 = Debug|Win32
		{2AC204F4-7B46-4060-97AF-32AA8655C45E}.Release|x64.ActiveCfg = Release|x64
		{2AC204F4-7B46-4060-97AF-32AA8655C45E}.Release|x64.Build.0 = Release|x64
		{2AC204F4-7B46-4060-97AF-32AA8655C45E}.Release|x86.ActiveCfg = Release|Win32
		{2AC204F4-7B46-4060-97AF-32AA8655C45E}.Release|x86.Build.0 = Release|Win32
		{B45FA0FC-629E-4D30-A823-3E246C1EB21F}.Debug|x64.ActiveCfg = Debug|x64
		{B45FA0FC-629E-4D30-A823-3E246C1EB21F}.Debug|x64.Build.0 = Debug|x64
		{B45FA0FC-629E-4D30-A823-3E246C1EB21F}.Debug|x86.ActiveCfg = Debug|Win32
		{B45FA0FC-629E-4D30-A823-3E246C1EB21F}.Debug|x86.Build.0 = Debug|Win32
		{B45FA0FC-629E-4D30-A823-3E246C1EB21F}.Release|x64.ActiveCfg = Release|x64
		{B45FA0FC-629E-4D30-A823-3E246C1EB21F}.Release|x64.Build.0 = Release|x64
		{B45FA0FC-629E-4D30-A823-3E246C1EB21F}.Release|x86.ActiveCfg = Release|Win32
		{B45FA0FC-629E-4D30-A823-3E246C1EB21F}.Release|x86.Build.0 = Release|Win32
		{D28E1751-735E-4043-BE71-66C7848C5AA3}.Debug|x64.ActiveCfg = Debug|x64
		{D28E1751-735E-4043-BE71-66C7848C5AA3}.Debug|x64.Build.0 = Debug|x64
		{D28E1751-735E-4043-BE71-66C7848C5AA3}.Debug|x86.ActiveCfg = Debug|Win32
		{D28E1751-735E-4043-BE71-66C7848C5AA3}.Debug|x86.Build.0 = Debug|Win32
		{D28E1751-735E-4043-BE71-66C7848C5AA3}.Release|x64.ActiveCfg = Release|x64
		{D28E1751-735E-4043-BE71-66C7848C5AA3}.Release|x64.Build.0 = Release|x64
		{D28E1751-735E-4043-BE71-66C7848C5AA3}.Release|x86.ActiveCfg = Release|Win32
		{D28E1751-735E-4043-BE71-66C7848C5AA3}.Release|x86.Build.0 = Release|Win32
		{8487168A-2150-4687-A022-A7D1E0F4ED7C}.Debug|x64.ActiveCfg = Debug|x64
		{8487168A-2150-4687-A022-A7D1E0F4ED7C}.Debug|x64.Build.0 = Debug|x64
		{8487168A-2150-4687-A022-A7D1E0F4ED7C}.Debug|x86.ActiveCfg = Debug|Win32
		{8487168A-2150-4687-A022-A7D1E0F4ED7C}.Debug|x86.Build.0 = Debug|Win32
		{8487168A-2150-4687-A022-A7D1E0F4ED7C}.Release|x64.ActiveCfg = Release|x64
		{8487168A-2150-4687-A022-A7D1E0F4ED7C}.Release|x64.Build.0 = Release|x64
		{8487168A-2150-4687-A022-A7D1E0F4ED7C}.Release|x86.ActiveCfg = Release|Win32
		{8487168A-2150-4687-A022-A7D1E0F4ED7C}.Release|x86.Build.0 = Release|Win32
		{54E59073-8F84-4182-8899-5982EC8E3DD0}.Debug|x64.ActiveCfg = Debug|x64
		{54E59073-8F84-4182-8899-5982EC8E3DD0}.Debug|x64.Build.0 = Debug|x64
		{54E59073-8F84-4182-8899-5982EC8E3DD0}.Debug|x86.ActiveCfg = Debug|Win32
		{54E59073-8F84-4182-8899-5982EC8E3DD0}.Debug|x86.Build.0 = Debug|Win32
		{54E59073-8F84-4182-8899-5982EC8E3DD0}.Release|x64.ActiveCfg = Release|x64
		{54E59073-8F84-4182-8899-5982EC8E3DD0}.Release|x64.Build.0 = Release|x64
		{54E59073-8F84-4182-8899-5982EC8E3DD0}.Release|x86.ActiveCfg = Release|Win32
		{54E59073-8F84-4182-8899-5982EC8E3DD0}.Release|x86.Build.0 = Release|Win32
		{5DE2F64C-099B-46B3-935D-8CBB5A5ED519}.Debug|x64.ActiveCfg = Debug|x64
		{5DE2F64C-099B-46B3-935D-8CBB5A5ED519}.Debug|x64.Build.0 = Debug|x64
		{5DE2F64C-099B-46B3-935D-8CBB5A5ED519}.Debug|x86.ActiveCfg = Debug|Win32
		{5DE2F64C-099B-46B3-935D-8CBB5A5ED519}.Debug|x86.Build.0 = Debug|Win32
		{5DE2F64C-099B-46B3-935D-8CBB5A5ED519}.Release|x64.ActiveCfg = Release|x64
		{5DE2F64C-099B-46B3-935D-8CBB5A5ED519}.Release|x64.Build.0 = Release|x64
		{5DE2F64C-099B-46B3-935D-8CBB5A5ED519}.Release|x86.ActiveCfg = Release|Win32
		{5DE2F64C-099B-46B3-935D-8CBB5A5ED519}.Release|x86.Build.0 = Release|Win32
		{93D0EEB6-FDDD-4E44-A9CD-B99B10D333D2}.Debug|x64.ActiveCfg = Debug|x64
		{93D0EEB6-FDDD-4E44-A9CD-B99B10D333D2}.Debug|x64.Build.0 = Debug|x64
		{93D0EEB6-FDDD-4E44-A9CD-B99B10D333D2}.Debug|x86.ActiveCfg = Debug|Win32
		{93D0EEB6-FDDD-4E44-A9CD-B99B10D333D2}.Debug|x86.Build.0 = Debug|Win32
		{93D0EEB6-FDDD-4E44-A9CD-B99B10D333D2}.Release|x64.ActiveCfg = Release|x64
		{93D0EEB6-FDDD-4E44-A9CD-B99B10D333D2}.Release|x64.Build.0 = Release|x64
		{93D0EEB6-FDDD-4E44-A9CD-B99B10D333D2}.Release|x86.ActiveCfg = Release|Win32
		{93D0EEB6-FDDD-4E44-A9CD-B99B10D333D2}.Release|x86.Build.0 = Release|Win32
		{CDAF8463-523A-44DC-899A-8A1B9238FE27}.Debug|x64.ActiveCfg = Debug|x64
		{CDAF8463-523A-44DC-899A-8A1B9238FE27}.Debug|x64.Build.0 = Debug|x64
		{CDAF8463-523A-44DC-899A-8A1B9238FE27}.Debug|x86.ActiveCfg = Debug|Win32
		{CDAF8463-523A-44DC-899A-8A1B9238FE27}.Debug|x86.Build.0 = Debug|Win32
		{CDAF8463-523A-44DC-899A-8A1B9238FE27}.Release|x64.ActiveCfg = Release|x64
		{CDAF8463-523A-44DC-899A-8A1B9238FE27}.Release|x64.Build.0 = Release|x64
		{CDAF8463-523A-44DC-899A-8A1B9238FE27}.Release|x86.ActiveCfg = Release|Win32
		{CDAF8463-523A-44DC-899A-8A1B9238FE27}.Release|x86.Build.0 = Release|Win32
		{021CE9D0-4216-41F1-91F2-F8B6195A8974}.Debug|x64.ActiveCfg = Debug|x64
		{021CE9D0-4216-41F1-91F2-F8B6195A8974}.Debug|x64.Build.0 = Debug|x64
		{021CE9D0-4216-41F1-91F2-F8B6195A8974}.Debug|x86.ActiveCfg = Debug|Win32
		{021CE9D0-4216-41F1-91F2-F8B6195A8974}.Debug|x86.Build.0 = Debug|Win32
		{021CE9D0-4216-41F1-91F2-F8B6195A8974}.Release|x64.ActiveCfg = Release|x64
		{021CE9D0-4216-41F1-91F2-F8B6195A8974}.Release|x64.Build.0 = Release|x64
		{021CE9D0-4216-41F1-91F2-F8B6195A8974}.Release|x86.ActiveCfg = Release|Win32
		{021CE9D0-4216-41F1-91F2-F8B6195A8974}.Release|x86.Build.0 = Release|Win32
		{D0D23694-5187-4D46-A92B-DE44731105E0}.Debug|x64.ActiveCfg = Debug|x64
		{D0D23694-5187-4D46-A92B-DE44731105E0}.Debug|x64.Build.0 = Debug|x64
		{D0D23694-5187-4D46-A92B-DE44731105E0}.Debug|x86.ActiveCfg = Debug|Win32
		{D0D23694-5187-4D46-A92B-DE44731105E0}.Debug|x86.Build.0 = Debug|Win32
		{D0D23694-5187-4D46-A92B-DE44731105E0}.Release|x64.ActiveCfg = Release|x64
		{D0D23694-5187-4D46-A92B-DE44731105E0}.Release|x64.Build.0 = Release|x64
		{D0D23694-5187-4D46-A92B-DE44731105E0}.Release|x86.ActiveCfg = Release|Win32
		{D0D23694-5187-4D46-A92B-DE44731105E0}.Release|x86.Build.0 = Release|Win32
		{1073CE8F-784C-47FD-ACD5-F0D1DE6E7DC8}.Debug|x64.ActiveCfg = Debug|x64
		{1073CE8F-784C-47FD-ACD5-F0D1DE6E7DC8}.Debug|x64.Build.0 = Debug|x64
		{1073CE8F-784C-47FD-ACD5-F0D1DE6E7DC8}.Debug|x86.ActiveCfg = Debug|Win32
		{1073CE8F-784C-47FD-ACD5-F0D1DE6E7DC8}.Debug|x86.Build.0 = Debug|Win32
		{1073CE8F-784C-47FD-ACD5-F0D1DE6E7DC8}.Release|x64.ActiveCfg = Release|x64
		{1073CE8F-784C-47FD-ACD5-F0D1DE6E7DC8}.Release|x64.Build.0 = Release|x64
		{1073CE8F-784C-47FD-ACD5-F0D1DE6E7DC8}.Release|x86.ActiveCfg = Release|Win32
		{1073CE8F-784C-47FD-ACD5-F0D1DE6E7DC8}.Release|x86.Build.0 = Release|Win32
		{E6AD144C-3014-46B6-87FE-5A3D119D5DA4}.Debug|x64.ActiveCfg = Debug|x64
		{E6AD144C-3014-46B6-87FE-5A3D119D5DA4}.Debug|x64.Build.0 = Debug|x64
		{E6AD144C-3014-46B6-87FE-5A3D119D5DA4}.Debug|x86.ActiveCfg = Debug|Win32
		{E6AD144C-3014-46B6-87FE-5A3D119D5DA4}.Debug|x86.Build.0 = Debug|Win32
		{E6AD144C-3014-46B6-87FE-5A3D119D5DA4}.Release|x64.ActiveCfg = Release|x64
		{E6AD144C-3014-46B6-87FE-5A3D119D5DA4}.Release|x64.Build.0 = Release|x64
		{E6AD144C-3014-46B6-87FE-5A3D119D5DA4}.Release|x86.ActiveCfg = Release|Win32
		{E6AD144C-3014-46B6-87FE-5A3D119D5DA4}.Release|x86.Build.0 = Release|Win32
		{90262181-75B6-4AF0-B17B-023F7892E27E}.Debug|x64.ActiveCfg = Debug|x64
		{90262181-75B6-4AF0-B17B-023F7892E27E}.Debug|x64.Build.0 = Debug|x64
		{90262181-75B6-4AF0-B17B-023F7892E27E}.Debug|x86.ActiveCfg = Debug|Win32
		{90262181-75B6-4AF0-B17B-023F7892E27E}.Debug|x86.Build.0 = Debug|Win32
		{90262181-75B6-4AF0-B17B-023F7892E27E}.Release|x64.ActiveCfg = Release|x64
		{90262181-75B6-4AF0-B17B-023F7892E27E}.Release|x64.Build.0 = Release|x64
		{90262181-75B6-4AF0-B17B-023F7892E27E}.Release|x86.ActiveCfg = Release|Win32
		{90262181-75B6-4AF0-B17B-023F7892E27E}.Release|x86.Build.0 = Release|Win32
		{BE0C3FC7-66E0-41C9-95EA-AACDDBD5D415}.Debug|x64.ActiveCfg = Debug|x64
		{BE0C3FC7-66E0-41C9-95EA-AACDDBD5D415}.Debug|x64.Build.0 = Debug|x64
		{BE0C3FC7-66E0-41C9-95EA-AACDDBD5D415}.Debug|x86.ActiveCfg = Debug|Win32
		{BE0C3FC7-66E0-41C9-95EA-AACDDBD5D415}.Debug|x86.Build.0 = Debug|Win32
		{BE0C3FC7-66E0-41C9-95EA-AACDDBD5D415}.Release|x64.ActiveCfg = Release|x64
		{BE0C3FC7-66E0-41C9-95EA-AACDDBD5D415}.Release|x64.Build.0 = Release|x64
		{BE0C3FC7-66E0-41C9-95EA-AACDDBD5D415}.Release|x86.ActiveCfg = Release|Win32
		{BE0C3FC7-66E0-41C9-95EA-AACDDBD5D415}.Release|x86.Build.0 = Release|Win32
		{7DDCCCAD-985C-4B04-89F9-CEDA67473BD7}.Debug|x64.ActiveCfg = Debug|x64
		{7DDCCCAD-985C-4B04-89F9-CEDA67473BD7}.Debug|x64.Build.0 = Debug|x64
		{7DDCCCAD-985C-4B04-89F9-CEDA67473BD7}.Debug|x86.ActiveCfg = Debug|Win32
		{7DDCCCAD-985C-4B04-89F9-CEDA67473BD7}.Debug|x86.Build.0 = Debug|Win32
		{7DDCCCAD-985C-4B04-89F9-CEDA67473BD7}.Release|x64.ActiveCfg = Release|x64
		{7DDCCCAD-985C-4B04-89F9-CEDA67473BD7}.Release|x64.Build.0 = Release|x64
		{7DDCCCAD-985C-4B04-89F9-CEDA67473BD7}.Release|x86.ActiveCfg = Release|Win32
		{7DDCCCAD-985C-4B04-89F9-CEDA67473BD7}.Release|x86.Build.0 = Release|Win32
		{9B7DB83F-7636-48F6-9AC1-D678FC21859C}.Debug|x64.ActiveCfg = Debug|x64
		{9B7DB83F-7636-48F6-9AC1-D678FC21859C}.Debug|x64.Build.0 = Debug|x64
		{9B7DB83F-7636-48F6-9AC1-D678FC21859C}.Debug|x86.ActiveCfg = Debug|Win32
		{9B7DB83F-7636-48F6-9AC1-D678FC21859C}.Debug|x86.Build.0 = Debug|Win32
		{9B7DB83F-7636-48F6-9AC1-D678FC21859C}.Release|x64.ActiveCfg = Release|x64
		{9B7DB83F-7636-48F6-9AC1-D678FC21859C}.Release|x64.Build.0 = Release|x64
		{9B7DB83F-7636-48F6-9AC1-D678FC21859C}.Release|x86.ActiveCfg = Release|Win32
		{9B7DB83F-7636-48F6-9AC1-D678FC21859C}.Release|x86.Build.0 = Release|Win32
		{F5C14FE9-3BAB-4ECA-BED2-AE537D31F405}.Debug|x64.ActiveCfg = Debug|x64
		{F5C14FE9-3BAB-4ECA-BED2-AE537D31F405}.Debug|x64.Build.0 = Debug|x64
		{F5C14FE9-3BAB-4ECA-BED2-AE537D31F405}.Debug|x86.ActiveCfg = Debug|Win32
		{F5C14FE9-3BAB-4ECA-BED2-AE537D31F405}.Debug|x86.Build.0 = Debug|Win32
		{F5C14FE9-3BAB-4ECA-BED2-AE537D31F405}.Release|x64.ActiveCfg = Release|x64
		{F5C14FE9-3BAB-4ECA-BED2-AE537D31F405}.Release|x64.Build.0 = Release|x64
		{F5C14FE9-3BAB-4ECA-BED2-AE537D31F405}.Release|x86.ActiveCfg = Release|Win32
		{F5C14FE9-3BAB-4ECA-BED2-AE537D31F405}.Release|x86.Build.0 = Release|Win32
		{64F10448-4B5C-435A-A62E-A7FEE33DDD16}.Debug|x64.ActiveCfg = Debug|x64
		{64F10448-4B5C-435A-A62E-A7FEE33DDD16}.Debug|x64.Build.0 = Debug|x64
		{64F10448-4B5C-435A-A62E-A7FEE33DDD16}.Debug|x86.ActiveCfg = Debug|Win32
		{64F10448-4B5C-435A-A62E-A7FEE33DDD16}.Debug|x86.Build.0 = Debug|Win32
		{64F10448-4B5C-435A-A62E-A7FEE33DDD16}.Release|x64.ActiveCfg = Release|x64
		{64F10448-4B5C-435A-A62E-A7FEE33DDD16}.Release|x64.Build.0 = Release|x64
		{64F10448-4B5C-435A-A62E-A7FEE33DDD16}.Release|x86.ActiveCfg = Release|Win32
		{64F10448-4B5C-435A-A62E-A7FEE33DDD16}.Release|x86.Build.0 = Release|Win32
		{BF135A89-85B3-4238-A9FE-75E8DC722925}.Debug|x64.ActiveCfg = Debug|x64
		{BF135A89-85B3-4238-A9FE-75E8DC722925}.Debug|x64.Build.0 = Debug|x64
		{BF135A89-85B3-4238-A9FE-75E8DC722925}.Debug|x86.ActiveCfg = Debug|Win32
		{BF135A89-85B3-4238-A9FE-75E8DC722925}.Debug|x86.Build.0 = Debug|Win32
		{BF135A89-85B3-4238-A9FE-75E8DC722925}.Release|x64.ActiveCfg = Release|x64
		{BF135A89-85B3-4238-A9FE-75E8DC722925}.Release|x64.Build.0 = Release|x64
		{BF135A89-85B3-4238-A9FE-75E8DC722925}.Release|x86.ActiveCfg = Release|Win32
		{BF135A89-85B3-4238-A9FE-75E8DC722925}.Release|x86.Build.0 = Release|Win32
		{7C4C4D96-23B7-4BA4-9E64-46DCCBD56BC4}.Debug|x64.ActiveCfg = Debug|x64
		{7C4C4D96-23B7-4BA4-9E64-46DCCBD56BC4}.Debug|x64.Build.0 = Debug|x64
		{7C4C4D96-23B7-4BA4-9E64-46DCCBD56BC4}.Debug|x86.ActiveCfg = Debug|Win32
		{7C4C4D96-23B7-4BA4-9E64-46DCCBD56BC4}.Debug|x86.Build.0 = Debug|Win32
		{7C4C4D96-23B7-4BA4-9E64-46DCCBD56BC4}.Release|x64.ActiveCfg = Release|x64
		{7C4C4D96-23B7-4BA4-9E64-46DCCBD56BC4}.Release|x64.Build.0 = Release|x64
		{7C4C4D96-23B7-4BA4-9E64-46DCCBD56BC4}.Release|x86.ActiveCfg = Release|Win32
		{7C4C4D96-23B7-4BA4-9E64-46DCCBD56BC4}.Release|x86.Build.0 = Release|Win32
		{B916B9C7-283D-4FC8-8545-D01C3DAFC7B0}.Debug|x64.ActiveCfg = Debug|x64
		{B916B9C7-283D-4FC8-8545-D01C3DAFC7B0}.Debug|x64.Build.0 = Debug|x64
		{B916B9C7-283D-4FC8-8545-D01C3DAFC7B0}.Debug|x86.ActiveCfg = Debug|Win32
		{B916B9C7-283D-4FC8-8545-D01C3DAFC7B0}.Debug|x86.Build.0 = Debug|Win32
		{B916B9C7-283D-4FC8-8545-D01C3DAFC7B0}.Release|x64.ActiveCfg = Release|x64
		{B916B9C7-283D-4FC8-8545-D01C3DAFC7B0}.Release|x64.Build.0 = Release|x64
		{B916B9C7-283D-4FC8-8545-D01C3DAFC7B0}.Release|x86.ActiveCfg = Release|Win32
		{B916B9C7-283D-4FC8-8545-D01C3DAFC7B0}.Release|x86.Build.0 = Release|Win32
		{2DFBE35D-4603-4C39-A381-EE0F356117BD}.Debug|x64.ActiveCfg = Debug|x64
		{2DFBE35D-4603-4C39-A381-EE0F356117BD}.Debug|x64.Build.0 = Debug|x64
		{2DFBE35D-4603-4C39-A381-EE0F356117BD}.Debug|x86.ActiveCfg = Debug|Win32
		{2DFBE35D-4603-4C39-A381-EE0F356117BD}.Debug|x86.Build.0 = Debug|Win32
		{2DFBE35D-4603-4C39-A381-EE0F356117BD}.Release|x64.ActiveCfg = Release|x64
		{2DFBE35D-4603-4C39-A381-EE0F356117BD}.Release|x64.Build.0 = Release|x64
		{2DFBE35D-4603-4C39-A381-EE0F356117BD}.Release|x86.ActiveCfg = Release|Win32
		{2DFBE35D-4603-4C39-A381-EE0F356117BD}.Release|x86.Build.0 = Release|Win32
		{6CD7E0F1-6198-4BA9-8CCD-B16A7120E440}.Debug|x64.ActiveCfg = Debug|x64
		{6CD7E0F1-6198-4BA9-8CCD-B16A7120E440}.Debug|x64.Build.0 = Debug|x64
		{6CD7E0F1-6198-4BA9-8CCD-B16A7120E440}.Debug|x86.ActiveCfg = Debug|Win32
		{6CD7E0F1-6198-4BA9-8CCD-B16A7120E440}.Debug|x86.Build.0 = Debug|Win32
		{6CD7E0F1-6198-4BA9-8CCD-B16A7120E440}.Release|x64.ActiveCfg = Release|x64
		{6CD7E0F1-6198-4BA9-8CCD-B16A7120E440}.Release|x64.Build.0 = Release|x64
		{6CD7E0F1-6198-4BA9-8CCD-B16A7120E440}.Release|x86.ActiveCfg = Release|Win32
		{6CD7E0F1-6198-4BA9-8CCD-B16A7120E440}.Release|x86.Build.0 = Release|Win32
		{D1C8FF16-026B-4558-97A8-60186DD1DBD3}.Debug|x64.ActiveCfg = Debug|x64
		{D1C8FF16-026B-4558-97A8-60186DD1DBD3}.Debug|x64.Build.0 = Debug|x64
		{D1C8FF16-026B-4558-97A8-60186DD1DBD3}.Debug|x86.ActiveCfg = Debug|Win32
		{D1C8FF16-026B-4558-97A8-60186DD1DBD3}.Debug|x86.Build.0 = Debug|Win32
		{D1C8FF16-026B-4558-97A8-60186DD1DBD3}.Release|x64.ActiveCfg = Release|x64
		{D1C8FF16-026B-4558-97A8-60186DD1DBD3}.Release|x64.Build.0 = Release|x64
		{D1C8FF16-026B-4558-97A8-60186DD1DBD3}.Release|x86.ActiveCfg = Release|Win32
		{D1C8FF16-026B-4558-97A8-60186DD1DBD3}.Release|x86.Build.0 = Release|Win32
		{3F64AC43-FBB1-411F-B8C1-40B3B8CC8073}.Debug|x64.ActiveCfg = Debug|x64
		{3F64AC43-FBB1-411F-B8C1-40B3B8CC8073}.Debug|x64.Build.0 = Debug|x64
		{3F64AC43-FBB1-411F-B8C1-40B3B8CC8073}.Debug|x86.ActiveCfg = Debug|Win32
		{3F64AC43-FBB1-411F-B8C1-40B3B8CC8073}.Debug|x86.Build.0 = Debug|Win32
		{3F64AC43-FBB1-411F-B8C1-40B3B8CC8073}.Release|x64.ActiveCfg = Release|x64
		{3F64AC43-FBB1-411F-B8C1-40B3B8CC8073}.Release|x64.Build.0 = Release|x64
		{3F64AC43-FBB1-411F-B8C1-40B3B8CC8073}.Release|x86.ActiveCfg = Release|Win32
		{3F64AC43-FBB1-411F-B8C1-40B3B8CC8073}.Release|x86.Build.0 = Release|Win32
	EndGlobalSection
	GlobalSection(SolutionProperties) = preSolution
		HideSolutionNode = FALSE
	EndGlobalSection
	GlobalSection(ExtensibilityGlobals) = postSolution
		SolutionGuid = {916225F9-479E-4C5C-B904-1723771BD132}
	EndGlobalSection
EndGlobal
